
Microsoft Visual Studio Solution File, Format Version 12.00
# Visual Studio Version 17
VisualStudioVersion = 17.0.32126.317
MinimumVisualStudioVersion = 10.0.40219.1
Project("{FAE04EC0-301F-11D3-BF4B-00C04F79EFBC}") = "Prime Financial Holdings", "Prime Financial Holdings\Prime Financial Holdings.csproj", "{1DA95C9E-0251-4C6B-B44C-AA5057EC1AB3}"
EndProject
Global
	GlobalSection(SolutionConfigurationPlatforms) = preSolution
		Debug|Any CPU = Debug|Any CPU
		Release|Any CPU = Release|Any CPU
	EndGlobalSection
	GlobalSection(ProjectConfigurationPlatforms) = postSolution
		{1DA95C9E-0251-4C6B-B44C-AA5057EC1AB3}.Debug|Any CPU.ActiveCfg = Debug|Any CPU
		{1DA95C9E-0251-4C6B-B44C-AA5057EC1AB3}.Debug|Any CPU.Build.0 = Debug|Any CPU
		{1DA95C9E-0251-4C6B-B44C-AA5057EC1AB3}.Release|Any CPU.ActiveCfg = Release|Any CPU
		{1DA95C9E-0251-4C6B-B44C-AA5057EC1AB3}.Release|Any CPU.Build.0 = Release|Any CPU
	EndGlobalSection
	GlobalSection(SolutionProperties) = preSolution
		HideSolutionNode = FALSE
	EndGlobalSection
	GlobalSection(ExtensibilityGlobals) = postSolution
		SolutionGuid = {AEEE2283-ADD8-45DD-803D-364AE47ECEC4}
	EndGlobalSection
EndGlobal
